
Microsoft Visual Studio Solution File, Format Version 12.00
# Visual Studio Version 17
VisualStudioVersion = 17.3.32929.385
MinimumVisualStudioVersion = 10.0.40219.1
Project("{FAE04EC0-301F-11D3-BF4B-00C04F79EFBC}") = "AvaliadorDeFilmes", "AvaliadorDeFilmes\AvaliadorDeFilmes.csproj", "{64DFD451-7B8E-4A88-AE7B-9BA7CA74894D}"
EndProject
Global
	GlobalSection(SolutionConfigurationPlatforms) = preSolution
		Debug|Any CPU = Debug|Any CPU
		Release|Any CPU = Release|Any CPU
	EndGlobalSection
	GlobalSection(ProjectConfigurationPlatforms) = postSolution
		{64DFD451-7B8E-4A88-AE7B-9BA7CA74894D}.Debug|Any CPU.ActiveCfg = Debug|Any CPU
		{64DFD451-7B8E-4A88-AE7B-9BA7CA74894D}.Debug|Any CPU.Build.0 = Debug|Any CPU
		{64DFD451-7B8E-4A88-AE7B-9BA7CA74894D}.Release|Any CPU.ActiveCfg = Release|Any CPU
		{64DFD451-7B8E-4A88-AE7B-9BA7CA74894D}.Release|Any CPU.Build.0 = Release|Any CPU
	EndGlobalSection
	GlobalSection(SolutionProperties) = preSolution
		HideSolutionNode = FALSE
	EndGlobalSection
	GlobalSection(ExtensibilityGlobals) = postSolution
		SolutionGuid = {0B1EE850-E822-46C7-AE70-59FF034814DD}
	EndGlobalSection
EndGlobal
